
Microsoft Visual Studio Solution File, Format Version 12.00
# Visual Studio Version 17
VisualStudioVersion = 17.5.33627.172
MinimumVisualStudioVersion = 10.0.40219.1
Project("{9A19103F-16F7-4668-BE54-9A1E7A4F7556}") = "myMLApp", "myMLApp\myMLApp.csproj", "{64B0D52B-0B3A-4906-99B3-526D93E8DF77}"
EndProject
Project("{9A19103F-16F7-4668-BE54-9A1E7A4F7556}") = "SentimentModel_ConsoleApp1", "SentimentModel_ConsoleApp1\SentimentModel_ConsoleApp1.csproj", "{BD5B8927-9DD5-439B-B968-56A6B7BA9854}"
EndProject
Global
	GlobalSection(SolutionConfigurationPlatforms) = preSolution
		Debug|Any CPU = Debug|Any CPU
		Release|Any CPU = Release|Any CPU
	EndGlobalSection
	GlobalSection(ProjectConfigurationPlatforms) = postSolution
		{64B0D52B-0B3A-4906-99B3-526D93E8DF77}.Debug|Any CPU.ActiveCfg = Debug|Any CPU
		{64B0D52B-0B3A-4906-99B3-526D93E8DF77}.Debug|Any CPU.Build.0 = Debug|Any CPU
		{64B0D52B-0B3A-4906-99B3-526D93E8DF77}.Release|Any CPU.ActiveCfg = Release|Any CPU
		{64B0D52B-0B3A-4906-99B3-526D93E8DF77}.Release|Any CPU.Build.0 = Release|Any CPU
		{BD5B8927-9DD5-439B-B968-56A6B7BA9854}.Debug|Any CPU.ActiveCfg = Debug|Any CPU
		{BD5B8927-9DD5-439B-B968-56A6B7BA9854}.Debug|Any CPU.Build.0 = Debug|Any CPU
		{BD5B8927-9DD5-439B-B968-56A6B7BA9854}.Release|Any CPU.ActiveCfg = Release|Any CPU
		{BD5B8927-9DD5-439B-B968-56A6B7BA9854}.Release|Any CPU.Build.0 = Release|Any CPU
	EndGlobalSection
	GlobalSection(SolutionProperties) = preSolution
		HideSolutionNode = FALSE
	EndGlobalSection
	GlobalSection(ExtensibilityGlobals) = postSolution
		SolutionGuid = {55B1D92D-13E5-40ED-B00C-9B8B5159FCB5}
	EndGlobalSection
EndGlobal
