
Microsoft Visual Studio Solution File, Format Version 12.00
# Visual Studio Version 17
VisualStudioVersion = 17.5.33627.172
MinimumVisualStudioVersion = 10.0.40219.1
Project("{9A19103F-16F7-4668-BE54-9A1E7A4F7556}") = "myMLApp", "myMLApp\myMLApp.csproj", "{64B0D52B-0B3A-4906-99B3-526D93E8DF77}"
EndProject
Project("{9A19103F-16F7-4668-BE54-9A1E7A4F7556}") = "SentimentModel_WebApi1", "SentimentModel_WebApi2\SentimentModel_WebApi1.csproj", "{2F86C272-5A58-4C34-9100-8FE08A307C34}"
EndProject
Global
	GlobalSection(SolutionConfigurationPlatforms) = preSolution
		Debug|Any CPU = Debug|Any CPU
		Release|Any CPU = Release|Any CPU
	EndGlobalSection
	GlobalSection(ProjectConfigurationPlatforms) = postSolution
		{64B0D52B-0B3A-4906-99B3-526D93E8DF77}.Debug|Any CPU.ActiveCfg = Debug|Any CPU
		{64B0D52B-0B3A-4906-99B3-526D93E8DF77}.Debug|Any CPU.Build.0 = Debug|Any CPU
		{64B0D52B-0B3A-4906-99B3-526D93E8DF77}.Release|Any CPU.ActiveCfg = Release|Any CPU
		{64B0D52B-0B3A-4906-99B3-526D93E8DF77}.Release|Any CPU.Build.0 = Release|Any CPU
		{2F86C272-5A58-4C34-9100-8FE08A307C34}.Debug|Any CPU.ActiveCfg = Debug|Any CPU
		{2F86C272-5A58-4C34-9100-8FE08A307C34}.Debug|Any CPU.Build.0 = Debug|Any CPU
		{2F86C272-5A58-4C34-9100-8FE08A307C34}.Release|Any CPU.ActiveCfg = Release|Any CPU
		{2F86C272-5A58-4C34-9100-8FE08A307C34}.Release|Any CPU.Build.0 = Release|Any CPU
	EndGlobalSection
	GlobalSection(SolutionProperties) = preSolution
		HideSolutionNode = FALSE
	EndGlobalSection
	GlobalSection(ExtensibilityGlobals) = postSolution
		SolutionGuid = {55B1D92D-13E5-40ED-B00C-9B8B5159FCB5}
	EndGlobalSection
EndGlobal
